
Microsoft Visual Studio Solution File, Format Version 12.00
# Visual Studio 15
VisualStudioVersion = 15.0.36101.20
MinimumVisualStudioVersion = 10.0.40219.1
Project("{FAE04EC0-301F-11D3-BF4B-00C04F79EFBC}") = "TestingLR2", "TestingLR2\TestingLR2.csproj", "{234D2B5A-3994-4272-8877-7A0EB255E2FE}"
EndProject
Project("{FAE04EC0-301F-11D3-BF4B-00C04F79EFBC}") = "TestingLR2.tests", "TestingLR2.tests\TestingLR2.tests.csproj", "{0C890B52-067E-46C3-BF1B-E71A98328FF0}"
EndProject
Global
	GlobalSection(SolutionConfigurationPlatforms) = preSolution
		Debug|Any CPU = Debug|Any CPU
		Release|Any CPU = Release|Any CPU
	EndGlobalSection
	GlobalSection(ProjectConfigurationPlatforms) = postSolution
		{234D2B5A-3994-4272-8877-7A0EB255E2FE}.Debug|Any CPU.ActiveCfg = Debug|Any CPU
		{234D2B5A-3994-4272-8877-7A0EB255E2FE}.Debug|Any CPU.Build.0 = Debug|Any CPU
		{234D2B5A-3994-4272-8877-7A0EB255E2FE}.Release|Any CPU.ActiveCfg = Release|Any CPU
		{234D2B5A-3994-4272-8877-7A0EB255E2FE}.Release|Any CPU.Build.0 = Release|Any CPU
		{0C890B52-067E-46C3-BF1B-E71A98328FF0}.Debug|Any CPU.ActiveCfg = Debug|Any CPU
		{0C890B52-067E-46C3-BF1B-E71A98328FF0}.Debug|Any CPU.Build.0 = Debug|Any CPU
		{0C890B52-067E-46C3-BF1B-E71A98328FF0}.Release|Any CPU.ActiveCfg = Release|Any CPU
		{0C890B52-067E-46C3-BF1B-E71A98328FF0}.Release|Any CPU.Build.0 = Release|Any CPU
	EndGlobalSection
	GlobalSection(SolutionProperties) = preSolution
		HideSolutionNode = FALSE
	EndGlobalSection
	GlobalSection(ExtensibilityGlobals) = postSolution
		SolutionGuid = {69EB8FA6-5436-4011-9226-CA9157DFCFE8}
	EndGlobalSection
EndGlobal
