
Microsoft Visual Studio Solution File, Format Version 12.00
# Visual Studio 15
VisualStudioVersion = 15.0.36101.20
MinimumVisualStudioVersion = 10.0.40219.1
Project("{FAE04EC0-301F-11D3-BF4B-00C04F79EFBC}") = "QA_Lab3_Kolupaev", "QA_Lab3_Kolupaev\QA_Lab3_Kolupaev.csproj", "{6F50D317-5136-467C-9246-9E2DBCFA4B00}"
EndProject
Global
	GlobalSection(SolutionConfigurationPlatforms) = preSolution
		Debug|Any CPU = Debug|Any CPU
		Release|Any CPU = Release|Any CPU
	EndGlobalSection
	GlobalSection(ProjectConfigurationPlatforms) = postSolution
		{6F50D317-5136-467C-9246-9E2DBCFA4B00}.Debug|Any CPU.ActiveCfg = Debug|Any CPU
		{6F50D317-5136-467C-9246-9E2DBCFA4B00}.Debug|Any CPU.Build.0 = Debug|Any CPU
		{6F50D317-5136-467C-9246-9E2DBCFA4B00}.Release|Any CPU.ActiveCfg = Release|Any CPU
		{6F50D317-5136-467C-9246-9E2DBCFA4B00}.Release|Any CPU.Build.0 = Release|Any CPU
	EndGlobalSection
	GlobalSection(SolutionProperties) = preSolution
		HideSolutionNode = FALSE
	EndGlobalSection
	GlobalSection(ExtensibilityGlobals) = postSolution
		SolutionGuid = {A67B479F-A3E0-44C9-91FE-D2D0527DEF8D}
	EndGlobalSection
EndGlobal
